
Microsoft Visual Studio Solution File, Format Version 12.00
# Visual Studio Version 16
VisualStudioVersion = 16.0.30011.22
MinimumVisualStudioVersion = 10.0.40219.1
Project("{F184B08F-C81C-45F6-A57F-5ABD9991F28F}") = "ATOAdminApp", "ATOAdminApp\ATOAdminApp.vbproj", "{E22626D3-9EF9-4024-9CBC-C0CE6C6C6461}"
EndProject
Global
	GlobalSection(SolutionConfigurationPlatforms) = preSolution
		Debug|Any CPU = Debug|Any CPU
		Release|Any CPU = Release|Any CPU
	EndGlobalSection
	GlobalSection(ProjectConfigurationPlatforms) = postSolution
		{E22626D3-9EF9-4024-9CBC-C0CE6C6C6461}.Debug|Any CPU.ActiveCfg = Debug|Any CPU
		{E22626D3-9EF9-4024-9CBC-C0CE6C6C6461}.Debug|Any CPU.Build.0 = Debug|Any CPU
		{E22626D3-9EF9-4024-9CBC-C0CE6C6C6461}.Release|Any CPU.ActiveCfg = Release|Any CPU
		{E22626D3-9EF9-4024-9CBC-C0CE6C6C6461}.Release|Any CPU.Build.0 = Release|Any CPU
	EndGlobalSection
	GlobalSection(SolutionProperties) = preSolution
		HideSolutionNode = FALSE
	EndGlobalSection
	GlobalSection(ExtensibilityGlobals) = postSolution
		SolutionGuid = {E7F65091-EB61-4F4F-93BC-EEA533602399}
	EndGlobalSection
EndGlobal
